Microsoft Visual Studio Solution File, Format Version 12.00
# Visual Studio 2013
VisualStudioVersion = 12.0.31101.0
MinimumVisualStudioVersion = 10.0.40219.1
Project("{8BC9CEB8-8B4A-11D0-8D11-00A0C91BC942}") = "BFSGSimCom", "BFSGSimCom\BFSGSimCom.vcxproj", "{757728E5-6C32-4DB9-9E89-9EF98A7C6436}"
EndProject
Project("{8BC9CEB8-8B4A-11D0-8D11-00A0C91BC942}") = "ConsoleApplication1", "ConsoleApplication1\ConsoleApplication1.vcxproj", "{86F175FC-6A43-41BC-8637-6295EDD667AE}"
	ProjectSection(ProjectDependencies) = postProject
		{BB84A669-9AA7-4787-92C7-CAEC86EB8A0B} = {BB84A669-9AA7-4787-92C7-CAEC86EB8A0B}
	EndProjectSection
EndProject
Project("{8BC9CEB8-8B4A-11D0-8D11-00A0C91BC942}") = "FSUIPCLibrary", "FSUIPCLibrary\FSUIPCLibrary.vcxproj", "{BB84A669-9AA7-4787-92C7-CAEC86EB8A0B}"
EndProject
Global
	GlobalSection(SolutionConfigurationPlatforms) = preSolution
		Debug|Win32 = Debug|Win32
		Debug|x64 = Debug|x64
		Release|Win32 = Release|Win32
		Release|x64 = Release|x64
	EndGlobalSection
	GlobalSection(ProjectConfigurationPlatforms) = postSolution
		{757728E5-6C32-4DB9-9E89-9EF98A7C6436}.Debug|Win32.ActiveCfg = Debug|Win32
		{757728E5-6C32-4DB9-9E89-9EF98A7C6436}.Debug|Win32.Build.0 = Debug|Win32
		{757728E5-6C32-4DB9-9E89-9EF98A7C6436}.Debug|x64.ActiveCfg = Debug|x64
		{757728E5-6C32-4DB9-9E89-9EF98A7C6436}.Debug|x64.Build.0 = Debug|x64
		{757728E5-6C32-4DB9-9E89-9EF98A7C6436}.Release|Win32.ActiveCfg = Release|Win32
		{757728E5-6C32-4DB9-9E89-9EF98A7C6436}.Release|Win32.Build.0 = Release|Win32
		{757728E5-6C32-4DB9-9E89-9EF98A7C6436}.Release|x64.ActiveCfg = Release|x64
		{757728E5-6C32-4DB9-9E89-9EF98A7C6436}.Release|x64.Build.0 = Release|x64
		{86F175FC-6A43-41BC-8637-6295EDD667AE}.Debug|Win32.ActiveCfg = Debug|Win32
		{86F175FC-6A43-41BC-8637-6295EDD667AE}.Debug|Win32.Build.0 = Debug|Win32
		{86F175FC-6A43-41BC-8637-6295EDD667AE}.Debug|x64.ActiveCfg = Debug|x64
		{86F175FC-6A43-41BC-8637-6295EDD667AE}.Debug|x64.Build.0 = Debug|x64
		{86F175FC-6A43-41BC-8637-6295EDD667AE}.Release|Win32.ActiveCfg = Release|Win32
		{86F175FC-6A43-41BC-8637-6295EDD667AE}.Release|x64.ActiveCfg = Release|x64
		{BB84A669-9AA7-4787-92C7-CAEC86EB8A0B}.Debug|Win32.ActiveCfg = Debug|Win32
		{BB84A669-9AA7-4787-92C7-CAEC86EB8A0B}.Debug|Win32.Build.0 = Debug|Win32
		{BB84A669-9AA7-4787-92C7-CAEC86EB8A0B}.Debug|x64.ActiveCfg = Debug|x64
		{BB84A669-9AA7-4787-92C7-CAEC86EB8A0B}.Debug|x64.Build.0 = Debug|x64
		{BB84A669-9AA7-4787-92C7-CAEC86EB8A0B}.Release|Win32.ActiveCfg = Release|Win32
		{BB84A669-9AA7-4787-92C7-CAEC86EB8A0B}.Release|Win32.Build.0 = Release|Win32
		{BB84A669-9AA7-4787-92C7-CAEC86EB8A0B}.Release|x64.ActiveCfg = Release|x64
		{BB84A669-9AA7-4787-92C7-CAEC86EB8A0B}.Release|x64.Build.0 = Release|x64
	EndGlobalSection
	GlobalSection(SolutionProperties) = preSolution
		HideSolutionNode = FALSE
	EndGlobalSection
EndGlobal
